
Microsoft Visual Studio Solution File, Format Version 12.00
# Visual Studio Version 17
VisualStudioVersion = 17.3.32922.545
MinimumVisualStudioVersion = 10.0.40219.1
Project("{9A19103F-16F7-4668-BE54-9A1E7A4F7556}") = "URLShortener", "URLShortener\URLShortener.csproj", "{D94D40CC-FFBA-4449-982B-CD8C3AD93AA6}"
EndProject
Project("{9A19103F-16F7-4668-BE54-9A1E7A4F7556}") = "URLShortenerAPI", "URLShortenerAPI\URLShortenerAPI.csproj", "{36D0FE43-0FB3-481A-B0AE-75F7A65F3FB1}"
EndProject
Project("{9A19103F-16F7-4668-BE54-9A1E7A4F7556}") = "URLShortenerData", "URLShortenerData\URLShortenerData.csproj", "{40207F59-3A7B-4907-A696-9BD50181ED7F}"
EndProject
Project("{9A19103F-16F7-4668-BE54-9A1E7A4F7556}") = "URLShortener.UnitTests", "URLShortener.UnitTests\URLShortener.UnitTests.csproj", "{06C1E57E-1077-45F1-9CB4-5FE2078C6DEF}"
EndProject
Project("{9A19103F-16F7-4668-BE54-9A1E7A4F7556}") = "URLShortener.Tests.Common", "URLShortener.Tests.Common\URLShortener.Tests.Common.csproj", "{93892F44-F33E-42DE-8ACC-2FE93CE55CD9}"
EndProject
Project("{9A19103F-16F7-4668-BE54-9A1E7A4F7556}") = "URLShortenerAPI.IntegrationTests", "URLShortenerAPI.IntegrationTests\URLShortenerAPI.IntegrationTests.csproj", "{075F8857-19A2-4A32-AEC8-A5452A0DB51B}"
EndProject
Project("{FAE04EC0-301F-11D3-BF4B-00C04F79EFBC}") = "gateway", "gateway\gateway.csproj", "{AD05CEEE-78F7-490F-9C43-809FBFD8B751}"
EndProject
Global
	GlobalSection(SolutionConfigurationPlatforms) = preSolution
		Debug|Any CPU = Debug|Any CPU
		Release|Any CPU = Release|Any CPU
	EndGlobalSection
	GlobalSection(ProjectConfigurationPlatforms) = postSolution
		{D94D40CC-FFBA-4449-982B-CD8C3AD93AA6}.Debug|Any CPU.ActiveCfg = Debug|Any CPU
		{D94D40CC-FFBA-4449-982B-CD8C3AD93AA6}.Debug|Any CPU.Build.0 = Debug|Any CPU
		{D94D40CC-FFBA-4449-982B-CD8C3AD93AA6}.Release|Any CPU.ActiveCfg = Release|Any CPU
		{D94D40CC-FFBA-4449-982B-CD8C3AD93AA6}.Release|Any CPU.Build.0 = Release|Any CPU
		{36D0FE43-0FB3-481A-B0AE-75F7A65F3FB1}.Debug|Any CPU.ActiveCfg = Debug|Any CPU
		{36D0FE43-0FB3-481A-B0AE-75F7A65F3FB1}.Debug|Any CPU.Build.0 = Debug|Any CPU
		{36D0FE43-0FB3-481A-B0AE-75F7A65F3FB1}.Release|Any CPU.ActiveCfg = Release|Any CPU
		{36D0FE43-0FB3-481A-B0AE-75F7A65F3FB1}.Release|Any CPU.Build.0 = Release|Any CPU
		{40207F59-3A7B-4907-A696-9BD50181ED7F}.Debug|Any CPU.ActiveCfg = Debug|Any CPU
		{40207F59-3A7B-4907-A696-9BD50181ED7F}.Debug|Any CPU.Build.0 = Debug|Any CPU
		{40207F59-3A7B-4907-A696-9BD50181ED7F}.Release|Any CPU.ActiveCfg = Release|Any CPU
		{40207F59-3A7B-4907-A696-9BD50181ED7F}.Release|Any CPU.Build.0 = Release|Any CPU
		{06C1E57E-1077-45F1-9CB4-5FE2078C6DEF}.Debug|Any CPU.ActiveCfg = Debug|Any CPU
		{06C1E57E-1077-45F1-9CB4-5FE2078C6DEF}.Debug|Any CPU.Build.0 = Debug|Any CPU
		{06C1E57E-1077-45F1-9CB4-5FE2078C6DEF}.Release|Any CPU.ActiveCfg = Release|Any CPU
		{06C1E57E-1077-45F1-9CB4-5FE2078C6DEF}.Release|Any CPU.Build.0 = Release|Any CPU
		{93892F44-F33E-42DE-8ACC-2FE93CE55CD9}.Debug|Any CPU.ActiveCfg = Debug|Any CPU
		{93892F44-F33E-42DE-8ACC-2FE93CE55CD9}.Debug|Any CPU.Build.0 = Debug|Any CPU
		{93892F44-F33E-42DE-8ACC-2FE93CE55CD9}.Release|Any CPU.ActiveCfg = Release|Any CPU
		{93892F44-F33E-42DE-8ACC-2FE93CE55CD9}.Release|Any CPU.Build.0 = Release|Any CPU
		{075F8857-19A2-4A32-AEC8-A5452A0DB51B}.Debug|Any CPU.ActiveCfg = Debug|Any CPU
		{075F8857-19A2-4A32-AEC8-A5452A0DB51B}.Debug|Any CPU.Build.0 = Debug|Any CPU
		{075F8857-19A2-4A32-AEC8-A5452A0DB51B}.Release|Any CPU.ActiveCfg = Release|Any CPU
		{075F8857-19A2-4A32-AEC8-A5452A0DB51B}.Release|Any CPU.Build.0 = Release|Any CPU
		{AD05CEEE-78F7-490F-9C43-809FBFD8B751}.Debug|Any CPU.ActiveCfg = Debug|Any CPU
		{AD05CEEE-78F7-490F-9C43-809FBFD8B751}.Debug|Any CPU.Build.0 = Debug|Any CPU
		{AD05CEEE-78F7-490F-9C43-809FBFD8B751}.Release|Any CPU.ActiveCfg = Release|Any CPU
		{AD05CEEE-78F7-490F-9C43-809FBFD8B751}.Release|Any CPU.Build.0 = Release|Any CPU
	EndGlobalSection
	GlobalSection(SolutionProperties) = preSolution
		HideSolutionNode = FALSE
	EndGlobalSection
	GlobalSection(ExtensibilityGlobals) = postSolution
		SolutionGuid = {8A60C45C-BC63-4CE6-AF8A-58D945FAF00B}
	EndGlobalSection
EndGlobal
